// !$*UTF8*$!
{
	archiveVersion = 1;
	classes = {
	};
	objectVersion = 56;
	objects = {

/* Begin PBXBuildFile section */
		8412A36B2B2ADA2400988A26 /* TDTexfield.swift in Sources */ = {isa = PBXBuildFile; fileRef = 8412A36A2B2ADA2400988A26 /* TDTexfield.swift */; };
		8439DFB22B182D98002B9F0E /* todoList_Schedule_PlannerApp.swift in Sources */ = {isa = PBXBuildFile; fileRef = 8439DFB12B182D98002B9F0E /* todoList_Schedule_PlannerApp.swift */; };
		8439DFB42B182D98002B9F0E /* ContentView.swift in Sources */ = {isa = PBXBuildFile; fileRef = 8439DFB32B182D98002B9F0E /* ContentView.swift */; };
		8439DFB62B182D9A002B9F0E /* Assets.xcassets in Resources */ = {isa = PBXBuildFile; fileRef = 8439DFB52B182D9A002B9F0E /* Assets.xcassets */; };
		8439DFB92B182D9A002B9F0E /* Preview Assets.xcassets in Resources */ = {isa = PBXBuildFile; fileRef = 8439DFB82B182D9A002B9F0E /* Preview Assets.xcassets */; };
		8439DFC32B182D9B002B9F0E /* todoList_Schedule_PlannerTests.swift in Sources */ = {isa = PBXBuildFile; fileRef = 8439DFC22B182D9B002B9F0E /* todoList_Schedule_PlannerTests.swift */; };
		8439DFCD2B182D9B002B9F0E /* todoList_Schedule_PlannerUITests.swift in Sources */ = {isa = PBXBuildFile; fileRef = 8439DFCC2B182D9B002B9F0E /* todoList_Schedule_PlannerUITests.swift */; };
		8439DFCF2B182D9B002B9F0E /* todoList_Schedule_PlannerUITestsLaunchTests.swift in Sources */ = {isa = PBXBuildFile; fileRef = 8439DFCE2B182D9B002B9F0E /* todoList_Schedule_PlannerUITestsLaunchTests.swift */; };
		8439DFE02B183D39002B9F0E /* FirebaseAuth in Frameworks */ = {isa = PBXBuildFile; productRef = 8439DFDF2B183D39002B9F0E /* FirebaseAuth */; };
		8439DFE22B183D39002B9F0E /* FirebaseFirestore in Frameworks */ = {isa = PBXBuildFile; productRef = 8439DFE12B183D39002B9F0E /* FirebaseFirestore */; };
		8439DFE42B183D39002B9F0E /* FirebaseFirestoreSwift in Frameworks */ = {isa = PBXBuildFile; productRef = 8439DFE32B183D39002B9F0E /* FirebaseFirestoreSwift */; };
		8439DFE62B183D39002B9F0E /* FirebaseStorage in Frameworks */ = {isa = PBXBuildFile; productRef = 8439DFE52B183D39002B9F0E /* FirebaseStorage */; };
		8439DFE92B184038002B9F0E /* Extention.swift in Sources */ = {isa = PBXBuildFile; fileRef = 8439DFE82B184038002B9F0E /* Extention.swift */; };
		8439DFEB2B18430D002B9F0E /* User.swift in Sources */ = {isa = PBXBuildFile; fileRef = 8439DFEA2B18430D002B9F0E /* User.swift */; };
		8439DFED2B184605002B9F0E /* LoginView.swift in Sources */ = {isa = PBXBuildFile; fileRef = 8439DFEC2B184605002B9F0E /* LoginView.swift */; };
		8439DFEF2B1846CB002B9F0E /* LoginViewModelView.swift in Sources */ = {isa = PBXBuildFile; fileRef = 8439DFEE2B1846CB002B9F0E /* LoginViewModelView.swift */; };
		8439DFF12B184BD7002B9F0E /* GoogleService-Info.plist in Resources */ = {isa = PBXBuildFile; fileRef = 8439DFF02B184BD7002B9F0E /* GoogleService-Info.plist */; };
		8439DFFB2B186956002B9F0E /* Ubuntu-BoldItalic.ttf in Resources */ = {isa = PBXBuildFile; fileRef = 8439DFF32B186955002B9F0E /* Ubuntu-BoldItalic.ttf */; };
		8439DFFC2B186956002B9F0E /* Ubuntu-LightItalic.ttf in Resources */ = {isa = PBXBuildFile; fileRef = 8439DFF42B186955002B9F0E /* Ubuntu-LightItalic.ttf */; };
		8439DFFD2B186956002B9F0E /* Ubuntu-Italic.ttf in Resources */ = {isa = PBXBuildFile; fileRef = 8439DFF52B186955002B9F0E /* Ubuntu-Italic.ttf */; };
		8439DFFE2B186956002B9F0E /* Ubuntu-MediumItalic.ttf in Resources */ = {isa = PBXBuildFile; fileRef = 8439DFF62B186955002B9F0E /* Ubuntu-MediumItalic.ttf */; };
		8439DFFF2B186956002B9F0E /* Ubuntu-Light.ttf in Resources */ = {isa = PBXBuildFile; fileRef = 8439DFF72B186955002B9F0E /* Ubuntu-Light.ttf */; };
		8439E0002B186956002B9F0E /* Ubuntu-Medium.ttf in Resources */ = {isa = PBXBuildFile; fileRef = 8439DFF82B186955002B9F0E /* Ubuntu-Medium.ttf */; };
		8439E0012B186956002B9F0E /* Ubuntu-Bold.ttf in Resources */ = {isa = PBXBuildFile; fileRef = 8439DFF92B186955002B9F0E /* Ubuntu-Bold.ttf */; };
		8439E0022B186956002B9F0E /* Ubuntu-Regular.ttf in Resources */ = {isa = PBXBuildFile; fileRef = 8439DFFA2B186956002B9F0E /* Ubuntu-Regular.ttf */; };
		8439E0052B1875CA002B9F0E /* RegisterViewModelView.swift in Sources */ = {isa = PBXBuildFile; fileRef = 8439E0042B1875CA002B9F0E /* RegisterViewModelView.swift */; };
		8439E0072B187620002B9F0E /* RegisterView.swift in Sources */ = {isa = PBXBuildFile; fileRef = 8439E0062B187620002B9F0E /* RegisterView.swift */; };
		8439E0092B18797E002B9F0E /* ContentViewModelView.swift in Sources */ = {isa = PBXBuildFile; fileRef = 8439E0082B18797E002B9F0E /* ContentViewModelView.swift */; };
		8439E00B2B187C73002B9F0E /* HomeView.swift in Sources */ = {isa = PBXBuildFile; fileRef = 8439E00A2B187C73002B9F0E /* HomeView.swift */; };
		8439E00D2B187D93002B9F0E /* HomeViewModelView.swift in Sources */ = {isa = PBXBuildFile; fileRef = 8439E00C2B187D93002B9F0E /* HomeViewModelView.swift */; };
		8439E00F2B187DE0002B9F0E /* Tab.swift in Sources */ = {isa = PBXBuildFile; fileRef = 8439E00E2B187DE0002B9F0E /* Tab.swift */; };
		843D760B2B1EC68D0048A118 /* AddTaskViewModelView.swift in Sources */ = {isa = PBXBuildFile; fileRef = 843D760A2B1EC68D0048A118 /* AddTaskViewModelView.swift */; };
		843EAC312B2167FC00025238 /* ObjectMapper in Frameworks */ = {isa = PBXBuildFile; productRef = 843EAC302B2167FC00025238 /* ObjectMapper */; };
		843EAC372B21803C00025238 /* SwiftKeychainWrapper in Frameworks */ = {isa = PBXBuildFile; productRef = 843EAC362B21803C00025238 /* SwiftKeychainWrapper */; };
		843EAC392B21832400025238 /* AuthManager.swift in Sources */ = {isa = PBXBuildFile; fileRef = 843EAC382B21832400025238 /* AuthManager.swift */; };
		843EAC3B2B21870900025238 /* KeychainHelper.swift in Sources */ = {isa = PBXBuildFile; fileRef = 843EAC3A2B21870900025238 /* KeychainHelper.swift */; };
		844875672B280F6C0053F5B5 /* Attachment.swift in Sources */ = {isa = PBXBuildFile; fileRef = 844875662B280F6C0053F5B5 /* Attachment.swift */; };
		844875692B283E5F0053F5B5 /* TaskDetailView.swift in Sources */ = {isa = PBXBuildFile; fileRef = 844875682B283E5F0053F5B5 /* TaskDetailView.swift */; };
		8448756B2B28436E0053F5B5 /* TaskDetailViewModelView.swift in Sources */ = {isa = PBXBuildFile; fileRef = 8448756A2B28436E0053F5B5 /* TaskDetailViewModelView.swift */; };
		845276F52B20505800188DA5 /* Session.swift in Sources */ = {isa = PBXBuildFile; fileRef = 845276F42B20505800188DA5 /* Session.swift */; };
		845276F72B205D1500188DA5 /* Config.swift in Sources */ = {isa = PBXBuildFile; fileRef = 845276F62B205D1500188DA5 /* Config.swift */; };
		846938BB2B1D702C003AD875 /* Categorite.swift in Sources */ = {isa = PBXBuildFile; fileRef = 846938BA2B1D702C003AD875 /* Categorite.swift */; };
		848B32E82B3036C90001BA9A /* Enviroments.swift in Sources */ = {isa = PBXBuildFile; fileRef = 848B32E72B3036C90001BA9A /* Enviroments.swift */; };
		848B341D2B22B8E200D07AD8 /* ProfileView.swift in Sources */ = {isa = PBXBuildFile; fileRef = 848B341C2B22B8E200D07AD8 /* ProfileView.swift */; };
		848B341F2B22BB5700D07AD8 /* ProfileViewModelView.swift in Sources */ = {isa = PBXBuildFile; fileRef = 848B341E2B22BB5700D07AD8 /* ProfileViewModelView.swift */; };
		848B34212B22C8CC00D07AD8 /* TLButton.swift in Sources */ = {isa = PBXBuildFile; fileRef = 848B34202B22C8CC00D07AD8 /* TLButton.swift */; };
		849EB5862B197D62002C50D8 /* TaskManagementView.swift in Sources */ = {isa = PBXBuildFile; fileRef = 849EB5852B197D62002C50D8 /* TaskManagementView.swift */; };
		849EB5882B197E32002C50D8 /* TaskManagementViewModelView.swift in Sources */ = {isa = PBXBuildFile; fileRef = 849EB5872B197E32002C50D8 /* TaskManagementViewModelView.swift */; };
		849EB58A2B197F79002C50D8 /* Task.swift in Sources */ = {isa = PBXBuildFile; fileRef = 849EB5892B197F79002C50D8 /* Task.swift */; };
		84AE099D2B2C12C300BAFA78 /* TDSecureField.swift in Sources */ = {isa = PBXBuildFile; fileRef = 84AE099C2B2C12C300BAFA78 /* TDSecureField.swift */; };
		84FE90742B1DDCD30000E7F2 /* AddTaskView.swift in Sources */ = {isa = PBXBuildFile; fileRef = 84FE90732B1DDCD30000E7F2 /* AddTaskView.swift */; };
/* End PBXBuildFile section */

/* Begin PBXContainerItemProxy section */
		8439DFBF2B182D9A002B9F0E /* PBXContainerItemProxy */ = {
			isa = PBXContainerItemProxy;
			containerPortal = 8439DFA62B182D98002B9F0E /* Project object */;
			proxyType = 1;
			remoteGlobalIDString = 8439DFAD2B182D98002B9F0E;
			remoteInfo = "todoList-Schedule-Planner";
		};
		8439DFC92B182D9B002B9F0E /* PBXContainerItemProxy */ = {
			isa = PBXContainerItemProxy;
			containerPortal = 8439DFA62B182D98002B9F0E /* Project object */;
			proxyType = 1;
			remoteGlobalIDString = 8439DFAD2B182D98002B9F0E;
			remoteInfo = "todoList-Schedule-Planner";
		};
/* End PBXContainerItemProxy section */

/* Begin PBXFileReference section */
		8412A36A2B2ADA2400988A26 /* TDTexfield.swift */ = {isa = PBXFileReference; lastKnownFileType = sourcecode.swift; path = TDTexfield.swift; sourceTree = "<group>"; };
		8439DFAE2B182D98002B9F0E /* todoList-Schedule-Planner.app */ = {isa = PBXFileReference; explicitFileType = wrapper.application; includeInIndex = 0; path = "todoList-Schedule-Planner.app"; sourceTree = BUILT_PRODUCTS_DIR; };
		8439DFB12B182D98002B9F0E /* todoList_Schedule_PlannerApp.swift */ = {isa = PBXFileReference; lastKnownFileType = sourcecode.swift; path = todoList_Schedule_PlannerApp.swift; sourceTree = "<group>"; };
		8439DFB32B182D98002B9F0E /* ContentView.swift */ = {isa = PBXFileReference; lastKnownFileType = sourcecode.swift; path = ContentView.swift; sourceTree = "<group>"; };
		8439DFB52B182D9A002B9F0E /* Assets.xcassets */ = {isa = PBXFileReference; lastKnownFileType = folder.assetcatalog; path = Assets.xcassets; sourceTree = "<group>"; };
		8439DFB82B182D9A002B9F0E /* Preview Assets.xcassets */ = {isa = PBXFileReference; lastKnownFileType = folder.assetcatalog; path = "Preview Assets.xcassets"; sourceTree = "<group>"; };
		8439DFBE2B182D9A002B9F0E /* todoList-Schedule-PlannerTests.xctest */ = {isa = PBXFileReference; explicitFileType = wrapper.cfbundle; includeInIndex = 0; path = "todoList-Schedule-PlannerTests.xctest"; sourceTree = BUILT_PRODUCTS_DIR; };
		8439DFC22B182D9B002B9F0E /* todoList_Schedule_PlannerTests.swift */ = {isa = PBXFileReference; lastKnownFileType = sourcecode.swift; path = todoList_Schedule_PlannerTests.swift; sourceTree = "<group>"; };
		8439DFC82B182D9B002B9F0E /* todoList-Schedule-PlannerUITests.xctest */ = {isa = PBXFileReference; explicitFileType = wrapper.cfbundle; includeInIndex = 0; path = "todoList-Schedule-PlannerUITests.xctest"; sourceTree = BUILT_PRODUCTS_DIR; };
		8439DFCC2B182D9B002B9F0E /* todoList_Schedule_PlannerUITests.swift */ = {isa = PBXFileReference; lastKnownFileType = sourcecode.swift; path = todoList_Schedule_PlannerUITests.swift; sourceTree = "<group>"; };
		8439DFCE2B182D9B002B9F0E /* todoList_Schedule_PlannerUITestsLaunchTests.swift */ = {isa = PBXFileReference; lastKnownFileType = sourcecode.swift; path = todoList_Schedule_PlannerUITestsLaunchTests.swift; sourceTree = "<group>"; };
		8439DFE82B184038002B9F0E /* Extention.swift */ = {isa = PBXFileReference; lastKnownFileType = sourcecode.swift; path = Extention.swift; sourceTree = "<group>"; };
		8439DFEA2B18430D002B9F0E /* User.swift */ = {isa = PBXFileReference; fileEncoding = 4; lastKnownFileType = sourcecode.swift; path = User.swift; sourceTree = "<group>"; };
		8439DFEC2B184605002B9F0E /* LoginView.swift */ = {isa = PBXFileReference; lastKnownFileType = sourcecode.swift; path = LoginView.swift; sourceTree = "<group>"; };
		8439DFEE2B1846CB002B9F0E /* LoginViewModelView.swift */ = {isa = PBXFileReference; lastKnownFileType = sourcecode.swift; path = LoginViewModelView.swift; sourceTree = "<group>"; };
		8439DFF02B184BD7002B9F0E /* GoogleService-Info.plist */ = {isa = PBXFileReference; fileEncoding = 4; lastKnownFileType = text.plist.xml; path = "GoogleService-Info.plist"; sourceTree = "<group>"; };
		8439DFF32B186955002B9F0E /* Ubuntu-BoldItalic.ttf */ = {isa = PBXFileReference; lastKnownFileType = file; path = "Ubuntu-BoldItalic.ttf"; sourceTree = "<group>"; };
		8439DFF42B186955002B9F0E /* Ubuntu-LightItalic.ttf */ = {isa = PBXFileReference; lastKnownFileType = file; path = "Ubuntu-LightItalic.ttf"; sourceTree = "<group>"; };
		8439DFF52B186955002B9F0E /* Ubuntu-Italic.ttf */ = {isa = PBXFileReference; lastKnownFileType = file; path = "Ubuntu-Italic.ttf"; sourceTree = "<group>"; };
		8439DFF62B186955002B9F0E /* Ubuntu-MediumItalic.ttf */ = {isa = PBXFileReference; lastKnownFileType = file; path = "Ubuntu-MediumItalic.ttf"; sourceTree = "<group>"; };
		8439DFF72B186955002B9F0E /* Ubuntu-Light.ttf */ = {isa = PBXFileReference; lastKnownFileType = file; path = "Ubuntu-Light.ttf"; sourceTree = "<group>"; };
		8439DFF82B186955002B9F0E /* Ubuntu-Medium.ttf */ = {isa = PBXFileReference; lastKnownFileType = file; path = "Ubuntu-Medium.ttf"; sourceTree = "<group>"; };
		8439DFF92B186955002B9F0E /* Ubuntu-Bold.ttf */ = {isa = PBXFileReference; lastKnownFileType = file; path = "Ubuntu-Bold.ttf"; sourceTree = "<group>"; };
		8439DFFA2B186956002B9F0E /* Ubuntu-Regular.ttf */ = {isa = PBXFileReference; lastKnownFileType = file; path = "Ubuntu-Regular.ttf"; sourceTree = "<group>"; };
		8439E0032B1869D8002B9F0E /* Info.plist */ = {isa = PBXFileReference; lastKnownFileType = text.plist; path = Info.plist; sourceTree = "<group>"; };
		8439E0042B1875CA002B9F0E /* RegisterViewModelView.swift */ = {isa = PBXFileReference; lastKnownFileType = sourcecode.swift; path = RegisterViewModelView.swift; sourceTree = "<group>"; };
		8439E0062B187620002B9F0E /* RegisterView.swift */ = {isa = PBXFileReference; lastKnownFileType = sourcecode.swift; path = RegisterView.swift; sourceTree = "<group>"; };
		8439E0082B18797E002B9F0E /* ContentViewModelView.swift */ = {isa = PBXFileReference; lastKnownFileType = sourcecode.swift; path = ContentViewModelView.swift; sourceTree = "<group>"; };
		8439E00A2B187C73002B9F0E /* HomeView.swift */ = {isa = PBXFileReference; lastKnownFileType = sourcecode.swift; path = HomeView.swift; sourceTree = "<group>"; };
		8439E00C2B187D93002B9F0E /* HomeViewModelView.swift */ = {isa = PBXFileReference; lastKnownFileType = sourcecode.swift; path = HomeViewModelView.swift; sourceTree = "<group>"; };
		8439E00E2B187DE0002B9F0E /* Tab.swift */ = {isa = PBXFileReference; lastKnownFileType = sourcecode.swift; path = Tab.swift; sourceTree = "<group>"; };
		843D760A2B1EC68D0048A118 /* AddTaskViewModelView.swift */ = {isa = PBXFileReference; lastKnownFileType = sourcecode.swift; path = AddTaskViewModelView.swift; sourceTree = "<group>"; };
		843EAC382B21832400025238 /* AuthManager.swift */ = {isa = PBXFileReference; lastKnownFileType = sourcecode.swift; path = AuthManager.swift; sourceTree = "<group>"; };
		843EAC3A2B21870900025238 /* KeychainHelper.swift */ = {isa = PBXFileReference; lastKnownFileType = sourcecode.swift; path = KeychainHelper.swift; sourceTree = "<group>"; };
		844875662B280F6C0053F5B5 /* Attachment.swift */ = {isa = PBXFileReference; lastKnownFileType = sourcecode.swift; path = Attachment.swift; sourceTree = "<group>"; };
		844875682B283E5F0053F5B5 /* TaskDetailView.swift */ = {isa = PBXFileReference; lastKnownFileType = sourcecode.swift; path = TaskDetailView.swift; sourceTree = "<group>"; };
		8448756A2B28436E0053F5B5 /* TaskDetailViewModelView.swift */ = {isa = PBXFileReference; lastKnownFileType = sourcecode.swift; path = TaskDetailViewModelView.swift; sourceTree = "<group>"; };
		845276F42B20505800188DA5 /* Session.swift */ = {isa = PBXFileReference; lastKnownFileType = sourcecode.swift; path = Session.swift; sourceTree = "<group>"; };
		845276F62B205D1500188DA5 /* Config.swift */ = {isa = PBXFileReference; lastKnownFileType = sourcecode.swift; path = Config.swift; sourceTree = "<group>"; };
		846938BA2B1D702C003AD875 /* Categorite.swift */ = {isa = PBXFileReference; lastKnownFileType = sourcecode.swift; path = Categorite.swift; sourceTree = "<group>"; };
		848B32E72B3036C90001BA9A /* Enviroments.swift */ = {isa = PBXFileReference; lastKnownFileType = sourcecode.swift; path = Enviroments.swift; sourceTree = "<group>"; };
		848B341C2B22B8E200D07AD8 /* ProfileView.swift */ = {isa = PBXFileReference; lastKnownFileType = sourcecode.swift; path = ProfileView.swift; sourceTree = "<group>"; };
		848B341E2B22BB5700D07AD8 /* ProfileViewModelView.swift */ = {isa = PBXFileReference; lastKnownFileType = sourcecode.swift; path = ProfileViewModelView.swift; sourceTree = "<group>"; };
		848B34202B22C8CC00D07AD8 /* TLButton.swift */ = {isa = PBXFileReference; lastKnownFileType = sourcecode.swift; path = TLButton.swift; sourceTree = "<group>"; };
		849EB5852B197D62002C50D8 /* TaskManagementView.swift */ = {isa = PBXFileReference; lastKnownFileType = sourcecode.swift; path = TaskManagementView.swift; sourceTree = "<group>"; };
		849EB5872B197E32002C50D8 /* TaskManagementViewModelView.swift */ = {isa = PBXFileReference; lastKnownFileType = sourcecode.swift; path = TaskManagementViewModelView.swift; sourceTree = "<group>"; };
		849EB5892B197F79002C50D8 /* Task.swift */ = {isa = PBXFileReference; lastKnownFileType = sourcecode.swift; path = Task.swift; sourceTree = "<group>"; };
		84AE099C2B2C12C300BAFA78 /* TDSecureField.swift */ = {isa = PBXFileReference; lastKnownFileType = sourcecode.swift; path = TDSecureField.swift; sourceTree = "<group>"; };
		84FE90732B1DDCD30000E7F2 /* AddTaskView.swift */ = {isa = PBXFileReference; lastKnownFileType = sourcecode.swift; path = AddTaskView.swift; sourceTree = "<group>"; };
/* End PBXFileReference section */

/* Begin PBXFrameworksBuildPhase section */
		8439DFAB2B182D98002B9F0E /* Frameworks */ = {
			isa = PBXFrameworksBuildPhase;
			buildActionMask = 2147483647;
			files = (
				8439DFE02B183D39002B9F0E /* FirebaseAuth in Frameworks */,
				843EAC312B2167FC00025238 /* ObjectMapper in Frameworks */,
				843EAC372B21803C00025238 /* SwiftKeychainWrapper in Frameworks */,
				8439DFE62B183D39002B9F0E /* FirebaseStorage in Frameworks */,
				8439DFE22B183D39002B9F0E /* FirebaseFirestore in Frameworks */,
				8439DFE42B183D39002B9F0E /* FirebaseFirestoreSwift in Frameworks */,
			);
			runOnlyForDeploymentPostprocessing = 0;
		};
		8439DFBB2B182D9A002B9F0E /* Frameworks */ = {
			isa = PBXFrameworksBuildPhase;
			buildActionMask = 2147483647;
			files = (
			);
			runOnlyForDeploymentPostprocessing = 0;
		};
		8439DFC52B182D9B002B9F0E /* Frameworks */ = {
			isa = PBXFrameworksBuildPhase;
			buildActionMask = 2147483647;
			files = (
			);
			runOnlyForDeploymentPostprocessing = 0;
		};
/* End PBXFrameworksBuildPhase section */

/* Begin PBXGroup section */
		8412A3692B2AD89600988A26 /* CustomView */ = {
			isa = PBXGroup;
			children = (
				8412A36A2B2ADA2400988A26 /* TDTexfield.swift */,
				848B34202B22C8CC00D07AD8 /* TLButton.swift */,
				84AE099C2B2C12C300BAFA78 /* TDSecureField.swift */,
			);
			path = CustomView;
			sourceTree = "<group>";
		};
		8439DFA52B182D98002B9F0E = {
			isa = PBXGroup;
			children = (
				8439DFB02B182D98002B9F0E /* todoList-Schedule-Planner */,
				8439DFC12B182D9B002B9F0E /* todoList-Schedule-PlannerTests */,
				8439DFCB2B182D9B002B9F0E /* todoList-Schedule-PlannerUITests */,
				8439DFAF2B182D98002B9F0E /* Products */,
			);
			sourceTree = "<group>";
		};
		8439DFAF2B182D98002B9F0E /* Products */ = {
			isa = PBXGroup;
			children = (
				8439DFAE2B182D98002B9F0E /* todoList-Schedule-Planner.app */,
				8439DFBE2B182D9A002B9F0E /* todoList-Schedule-PlannerTests.xctest */,
				8439DFC82B182D9B002B9F0E /* todoList-Schedule-PlannerUITests.xctest */,
			);
			name = Products;
			sourceTree = "<group>";
		};
		8439DFB02B182D98002B9F0E /* todoList-Schedule-Planner */ = {
			isa = PBXGroup;
			children = (
				8439E0032B1869D8002B9F0E /* Info.plist */,
				8439DFE72B18400A002B9F0E /* Extentions */,
				8439DFDD2B183A33002B9F0E /* Models */,
				8439DFDC2B1839C0002B9F0E /* ViewModels */,
				8439DFDB2B1839B5002B9F0E /* Views */,
				8439DFB12B182D98002B9F0E /* todoList_Schedule_PlannerApp.swift */,
				8439DFB52B182D9A002B9F0E /* Assets.xcassets */,
				8439DFB72B182D9A002B9F0E /* Preview Content */,
			);
			path = "todoList-Schedule-Planner";
			sourceTree = "<group>";
		};
		8439DFB72B182D9A002B9F0E /* Preview Content */ = {
			isa = PBXGroup;
			children = (
				8439DFB82B182D9A002B9F0E /* Preview Assets.xcassets */,
			);
			path = "Preview Content";
			sourceTree = "<group>";
		};
		8439DFC12B182D9B002B9F0E /* todoList-Schedule-PlannerTests */ = {
			isa = PBXGroup;
			children = (
				8439DFC22B182D9B002B9F0E /* todoList_Schedule_PlannerTests.swift */,
			);
			path = "todoList-Schedule-PlannerTests";
			sourceTree = "<group>";
		};
		8439DFCB2B182D9B002B9F0E /* todoList-Schedule-PlannerUITests */ = {
			isa = PBXGroup;
			children = (
				8439DFCC2B182D9B002B9F0E /* todoList_Schedule_PlannerUITests.swift */,
				8439DFCE2B182D9B002B9F0E /* todoList_Schedule_PlannerUITestsLaunchTests.swift */,
			);
			path = "todoList-Schedule-PlannerUITests";
			sourceTree = "<group>";
		};
		8439DFDB2B1839B5002B9F0E /* Views */ = {
			isa = PBXGroup;
			children = (
				8412A3692B2AD89600988A26 /* CustomView */,
				8439DFB32B182D98002B9F0E /* ContentView.swift */,
				8439DFEC2B184605002B9F0E /* LoginView.swift */,
				8439E0062B187620002B9F0E /* RegisterView.swift */,
				8439E00A2B187C73002B9F0E /* HomeView.swift */,
				849EB5852B197D62002C50D8 /* TaskManagementView.swift */,
				84FE90732B1DDCD30000E7F2 /* AddTaskView.swift */,
				848B341C2B22B8E200D07AD8 /* ProfileView.swift */,
				844875682B283E5F0053F5B5 /* TaskDetailView.swift */,
			);
			path = Views;
			sourceTree = "<group>";
		};
		8439DFDC2B1839C0002B9F0E /* ViewModels */ = {
			isa = PBXGroup;
			children = (
				8439DFEE2B1846CB002B9F0E /* LoginViewModelView.swift */,
				8439E0042B1875CA002B9F0E /* RegisterViewModelView.swift */,
				8439E0082B18797E002B9F0E /* ContentViewModelView.swift */,
				8439E00C2B187D93002B9F0E /* HomeViewModelView.swift */,
				849EB5872B197E32002C50D8 /* TaskManagementViewModelView.swift */,
				843D760A2B1EC68D0048A118 /* AddTaskViewModelView.swift */,
				848B341E2B22BB5700D07AD8 /* ProfileViewModelView.swift */,
				8448756A2B28436E0053F5B5 /* TaskDetailViewModelView.swift */,
			);
			path = ViewModels;
			sourceTree = "<group>";
		};
		8439DFDD2B183A33002B9F0E /* Models */ = {
			isa = PBXGroup;
			children = (
				8439DFEA2B18430D002B9F0E /* User.swift */,
				849EB5892B197F79002C50D8 /* Task.swift */,
				846938BA2B1D702C003AD875 /* Categorite.swift */,
				845276F42B20505800188DA5 /* Session.swift */,
				844875662B280F6C0053F5B5 /* Attachment.swift */,
			);
			path = Models;
			sourceTree = "<group>";
		};
		8439DFE72B18400A002B9F0E /* Extentions */ = {
			isa = PBXGroup;
			children = (
				8439DFF22B18693C002B9F0E /* Fonts */,
				8439DFF02B184BD7002B9F0E /* GoogleService-Info.plist */,
				8439DFE82B184038002B9F0E /* Extention.swift */,
				8439E00E2B187DE0002B9F0E /* Tab.swift */,
				845276F62B205D1500188DA5 /* Config.swift */,
				843EAC382B21832400025238 /* AuthManager.swift */,
				843EAC3A2B21870900025238 /* KeychainHelper.swift */,
				848B32E72B3036C90001BA9A /* Enviroments.swift */,
			);
			path = Extentions;
			sourceTree = "<group>";
		};
		8439DFF22B18693C002B9F0E /* Fonts */ = {
			isa = PBXGroup;
			children = (
				8439DFF92B186955002B9F0E /* Ubuntu-Bold.ttf */,
				8439DFF32B186955002B9F0E /* Ubuntu-BoldItalic.ttf */,
				8439DFF52B186955002B9F0E /* Ubuntu-Italic.ttf */,
				8439DFF72B186955002B9F0E /* Ubuntu-Light.ttf */,
				8439DFF42B186955002B9F0E /* Ubuntu-LightItalic.ttf */,
				8439DFF82B186955002B9F0E /* Ubuntu-Medium.ttf */,
				8439DFF62B186955002B9F0E /* Ubuntu-MediumItalic.ttf */,
				8439DFFA2B186956002B9F0E /* Ubuntu-Regular.ttf */,
			);
			path = Fonts;
			sourceTree = "<group>";
		};
/* End PBXGroup section */

/* Begin PBXNativeTarget section */
		8439DFAD2B182D98002B9F0E /* todoList-Schedule-Planner */ = {
			isa = PBXNativeTarget;
			buildConfigurationList = 8439DFD22B182D9B002B9F0E /* Build configuration list for PBXNativeTarget "todoList-Schedule-Planner" */;
			buildPhases = (
				8439DFAA2B182D98002B9F0E /* Sources */,
				8439DFAB2B182D98002B9F0E /* Frameworks */,
				8439DFAC2B182D98002B9F0E /* Resources */,
			);
			buildRules = (
			);
			dependencies = (
			);
			name = "todoList-Schedule-Planner";
			packageProductDependencies = (
				8439DFDF2B183D39002B9F0E /* FirebaseAuth */,
				8439DFE12B183D39002B9F0E /* FirebaseFirestore */,
				8439DFE32B183D39002B9F0E /* FirebaseFirestoreSwift */,
				8439DFE52B183D39002B9F0E /* FirebaseStorage */,
				843EAC302B2167FC00025238 /* ObjectMapper */,
				843EAC362B21803C00025238 /* SwiftKeychainWrapper */,
			);
			productName = "todoList-Schedule-Planner";
			productReference = 8439DFAE2B182D98002B9F0E /* todoList-Schedule-Planner.app */;
			productType = "com.apple.product-type.application";
		};
		8439DFBD2B182D9A002B9F0E /* todoList-Schedule-PlannerTests */ = {
			isa = PBXNativeTarget;
			buildConfigurationList = 8439DFD52B182D9B002B9F0E /* Build configuration list for PBXNativeTarget "todoList-Schedule-PlannerTests" */;
			buildPhases = (
				8439DFBA2B182D9A002B9F0E /* Sources */,
				8439DFBB2B182D9A002B9F0E /* Frameworks */,
				8439DFBC2B182D9A002B9F0E /* Resources */,
			);
			buildRules = (
			);
			dependencies = (
				8439DFC02B182D9A002B9F0E /* PBXTargetDependency */,
			);
			name = "todoList-Schedule-PlannerTests";
			productName = "todoList-Schedule-PlannerTests";
			productReference = 8439DFBE2B182D9A002B9F0E /* todoList-Schedule-PlannerTests.xctest */;
			productType = "com.apple.product-type.bundle.unit-test";
		};
		8439DFC72B182D9B002B9F0E /* todoList-Schedule-PlannerUITests */ = {
			isa = PBXNativeTarget;
			buildConfigurationList = 8439DFD82B182D9B002B9F0E /* Build configuration list for PBXNativeTarget "todoList-Schedule-PlannerUITests" */;
			buildPhases = (
				8439DFC42B182D9B002B9F0E /* Sources */,
				8439DFC52B182D9B002B9F0E /* Frameworks */,
				8439DFC62B182D9B002B9F0E /* Resources */,
			);
			buildRules = (
			);
			dependencies = (
				8439DFCA2B182D9B002B9F0E /* PBXTargetDependency */,
			);
			name = "todoList-Schedule-PlannerUITests";
			productName = "todoList-Schedule-PlannerUITests";
			productReference = 8439DFC82B182D9B002B9F0E /* todoList-Schedule-PlannerUITests.xctest */;
			productType = "com.apple.product-type.bundle.ui-testing";
		};
/* End PBXNativeTarget section */

/* Begin PBXProject section */
		8439DFA62B182D98002B9F0E /* Project object */ = {
			isa = PBXProject;
			attributes = {
				BuildIndependentTargetsInParallel = 1;
				LastSwiftUpdateCheck = 1420;
				LastUpgradeCheck = 1420;
				TargetAttributes = {
					8439DFAD2B182D98002B9F0E = {
						CreatedOnToolsVersion = 14.2;
					};
					8439DFBD2B182D9A002B9F0E = {
						CreatedOnToolsVersion = 14.2;
						TestTargetID = 8439DFAD2B182D98002B9F0E;
					};
					8439DFC72B182D9B002B9F0E = {
						CreatedOnToolsVersion = 14.2;
						TestTargetID = 8439DFAD2B182D98002B9F0E;
					};
				};
			};
			buildConfigurationList = 8439DFA92B182D98002B9F0E /* Build configuration list for PBXProject "todoList-Schedule-Planner" */;
			compatibilityVersion = "Xcode 14.0";
			developmentRegion = en;
			hasScannedForEncodings = 0;
			knownRegions = (
				en,
				Base,
			);
			mainGroup = 8439DFA52B182D98002B9F0E;
			packageReferences = (
				8439DFDE2B183D39002B9F0E /* XCRemoteSwiftPackageReference "firebase-ios-sdk" */,
				843EAC2F2B2167FC00025238 /* XCRemoteSwiftPackageReference "ObjectMapper" */,
				843EAC352B21803C00025238 /* XCRemoteSwiftPackageReference "SwiftKeychainWrapper" */,
			);
			productRefGroup = 8439DFAF2B182D98002B9F0E /* Products */;
			projectDirPath = "";
			projectRoot = "";
			targets = (
				8439DFAD2B182D98002B9F0E /* todoList-Schedule-Planner */,
				8439DFBD2B182D9A002B9F0E /* todoList-Schedule-PlannerTests */,
				8439DFC72B182D9B002B9F0E /* todoList-Schedule-PlannerUITests */,
			);
		};
/* End PBXProject section */

/* Begin PBXResourcesBuildPhase section */
		8439DFAC2B182D98002B9F0E /* Resources */ = {
			isa = PBXResourcesBuildPhase;
			buildActionMask = 2147483647;
			files = (
				8439E0012B186956002B9F0E /* Ubuntu-Bold.ttf in Resources */,
				8439DFFE2B186956002B9F0E /* Ubuntu-MediumItalic.ttf in Resources */,
				8439DFFC2B186956002B9F0E /* Ubuntu-LightItalic.ttf in Resources */,
				8439E0002B186956002B9F0E /* Ubuntu-Medium.ttf in Resources */,
				8439DFFD2B186956002B9F0E /* Ubuntu-Italic.ttf in Resources */,
				8439DFFB2B186956002B9F0E /* Ubuntu-BoldItalic.ttf in Resources */,
				8439E0022B186956002B9F0E /* Ubuntu-Regular.ttf in Resources */,
				8439DFFF2B186956002B9F0E /* Ubuntu-Light.ttf in Resources */,
				8439DFB92B182D9A002B9F0E /* Preview Assets.xcassets in Resources */,
				8439DFB62B182D9A002B9F0E /* Assets.xcassets in Resources */,
				8439DFF12B184BD7002B9F0E /* GoogleService-Info.plist in Resources */,
			);
			runOnlyForDeploymentPostprocessing = 0;
		};
		8439DFBC2B182D9A002B9F0E /* Resources */ = {
			isa = PBXResourcesBuildPhase;
			buildActionMask = 2147483647;
			files = (
			);
			runOnlyForDeploymentPostprocessing = 0;
		};
		8439DFC62B182D9B002B9F0E /* Resources */ = {
			isa = PBXResourcesBuildPhase;
			buildActionMask = 2147483647;
			files = (
			);
			runOnlyForDeploymentPostprocessing = 0;
		};
/* End PBXResourcesBuildPhase section */

/* Begin PBXSourcesBuildPhase section */
		8439DFAA2B182D98002B9F0E /* Sources */ = {
			isa = PBXSourcesBuildPhase;
			buildActionMask = 2147483647;
			files = (
				8439DFEB2B18430D002B9F0E /* User.swift in Sources */,
				8412A36B2B2ADA2400988A26 /* TDTexfield.swift in Sources */,
				843EAC392B21832400025238 /* AuthManager.swift in Sources */,
				8439DFB42B182D98002B9F0E /* ContentView.swift in Sources */,
				843D760B2B1EC68D0048A118 /* AddTaskViewModelView.swift in Sources */,
				846938BB2B1D702C003AD875 /* Categorite.swift in Sources */,
				843EAC3B2B21870900025238 /* KeychainHelper.swift in Sources */,
				844875672B280F6C0053F5B5 /* Attachment.swift in Sources */,
				8439DFE92B184038002B9F0E /* Extention.swift in Sources */,
				8439E00F2B187DE0002B9F0E /* Tab.swift in Sources */,
				8448756B2B28436E0053F5B5 /* TaskDetailViewModelView.swift in Sources */,
				8439E00D2B187D93002B9F0E /* HomeViewModelView.swift in Sources */,
				8439E00B2B187C73002B9F0E /* HomeView.swift in Sources */,
				8439DFEF2B1846CB002B9F0E /* LoginViewModelView.swift in Sources */,
				849EB58A2B197F79002C50D8 /* Task.swift in Sources */,
				8439DFED2B184605002B9F0E /* LoginView.swift in Sources */,
				845276F52B20505800188DA5 /* Session.swift in Sources */,
				8439E0072B187620002B9F0E /* RegisterView.swift in Sources */,
				849EB5882B197E32002C50D8 /* TaskManagementViewModelView.swift in Sources */,
				8439DFB22B182D98002B9F0E /* todoList_Schedule_PlannerApp.swift in Sources */,
				848B341D2B22B8E200D07AD8 /* ProfileView.swift in Sources */,
				84FE90742B1DDCD30000E7F2 /* AddTaskView.swift in Sources */,
				848B34212B22C8CC00D07AD8 /* TLButton.swift in Sources */,
				849EB5862B197D62002C50D8 /* TaskManagementView.swift in Sources */,
				845276F72B205D1500188DA5 /* Config.swift in Sources */,
				848B341F2B22BB5700D07AD8 /* ProfileViewModelView.swift in Sources */,
				848B32E82B3036C90001BA9A /* Enviroments.swift in Sources */,
				8439E0052B1875CA002B9F0E /* RegisterViewModelView.swift in Sources */,
				8439E0092B18797E002B9F0E /* ContentViewModelView.swift in Sources */,
				844875692B283E5F0053F5B5 /* TaskDetailView.swift in Sources */,
				84AE099D2B2C12C300BAFA78 /* TDSecureField.swift in Sources */,
			);
			runOnlyForDeploymentPostprocessing = 0;
		};
		8439DFBA2B182D9A002B9F0E /* Sources */ = {
			isa = PBXSourcesBuildPhase;
			buildActionMask = 2147483647;
			files = (
				8439DFC32B182D9B002B9F0E /* todoList_Schedule_PlannerTests.swift in Sources */,
			);
			runOnlyForDeploymentPostprocessing = 0;
		};
		8439DFC42B182D9B002B9F0E /* Sources */ = {
			isa = PBXSourcesBuildPhase;
			buildActionMask = 2147483647;
			files = (
				8439DFCF2B182D9B002B9F0E /* todoList_Schedule_PlannerUITestsLaunchTests.swift in Sources */,
				8439DFCD2B182D9B002B9F0E /* todoList_Schedule_PlannerUITests.swift in Sources */,
			);
			runOnlyForDeploymentPostprocessing = 0;
		};
/* End PBXSourcesBuildPhase section */

/* Begin PBXTargetDependency section */
		8439DFC02B182D9A002B9F0E /* PBXTargetDependency */ = {
			isa = PBXTargetDependency;
			target = 8439DFAD2B182D98002B9F0E /* todoList-Schedule-Planner */;
			targetProxy = 8439DFBF2B182D9A002B9F0E /* PBXContainerItemProxy */;
		};
		8439DFCA2B182D9B002B9F0E /* PBXTargetDependency */ = {
			isa = PBXTargetDependency;
			target = 8439DFAD2B182D98002B9F0E /* todoList-Schedule-Planner */;
			targetProxy = 8439DFC92B182D9B002B9F0E /* PBXContainerItemProxy */;
		};
/* End PBXTargetDependency section */

/* Begin XCBuildConfiguration section */
		8439DFD02B182D9B002B9F0E /* Debug */ = {
			isa = XCBuildConfiguration;
			buildSettings = {
				ALWAYS_SEARCH_USER_PATHS = NO;
				CLANG_ANALYZER_NONNULL = YES;
				CLANG_ANALYZER_NUMBER_OBJECT_CONVERSION = YES_AGGRESSIVE;
				CLANG_CXX_LANGUAGE_STANDARD = "gnu++20";
				CLANG_ENABLE_MODULES = YES;
				CLANG_ENABLE_OBJC_ARC = YES;
				CLANG_ENABLE_OBJC_WEAK = YES;
				CLANG_WARN_BLOCK_CAPTURE_AUTORELEASING = YES;
				CLANG_WARN_BOOL_CONVERSION = YES;
				CLANG_WARN_COMMA = YES;
				CLANG_WARN_CONSTANT_CONVERSION = YES;
				CLANG_WARN_DEPRECATED_OBJC_IMPLEMENTATIONS = YES;
				CLANG_WARN_DIRECT_OBJC_ISA_USAGE = YES_ERROR;
				CLANG_WARN_DOCUMENTATION_COMMENTS = YES;
				CLANG_WARN_EMPTY_BODY = YES;
				CLANG_WARN_ENUM_CONVERSION = YES;
				CLANG_WARN_INFINITE_RECURSION = YES;
				CLANG_WARN_INT_CONVERSION = YES;
				CLANG_WARN_NON_LITERAL_NULL_CONVERSION = YES;
				CLANG_WARN_OBJC_IMPLICIT_RETAIN_SELF = YES;
				CLANG_WARN_OBJC_LITERAL_CONVERSION = YES;
				CLANG_WARN_OBJC_ROOT_CLASS = YES_ERROR;
				CLANG_WARN_QUOTED_INCLUDE_IN_FRAMEWORK_HEADER = YES;
				CLANG_WARN_RANGE_LOOP_ANALYSIS = YES;
				CLANG_WARN_STRICT_PROTOTYPES = YES;
				CLANG_WARN_SUSPICIOUS_MOVE = YES;
				CLANG_WARN_UNGUARDED_AVAILABILITY = YES_AGGRESSIVE;
				CLANG_WARN_UNREACHABLE_CODE = YES;
				CLANG_WARN__DUPLICATE_METHOD_MATCH = YES;
				COPY_PHASE_STRIP = NO;
				DEBUG_INFORMATION_FORMAT = dwarf;
				ENABLE_STRICT_OBJC_MSGSEND = YES;
				ENABLE_TESTABILITY = YES;
				GCC_C_LANGUAGE_STANDARD = gnu11;
				GCC_DYNAMIC_NO_PIC = NO;
				GCC_NO_COMMON_BLOCKS = YES;
				GCC_OPTIMIZATION_LEVEL = 0;
				GCC_PREPROCESSOR_DEFINITIONS = (
					"DEBUG=1",
					"$(inherited)",
				);
				GCC_WARN_64_TO_32_BIT_CONVERSION = YES;
				GCC_WARN_ABOUT_RETURN_TYPE = YES_ERROR;
				GCC_WARN_UNDECLARED_SELECTOR = YES;
				GCC_WARN_UNINITIALIZED_AUTOS = YES_AGGRESSIVE;
				GCC_WARN_UNUSED_FUNCTION = YES;
				GCC_WARN_UNUSED_VARIABLE = YES;
				IPHONEOS_DEPLOYMENT_TARGET = 16.2;
				MTL_ENABLE_DEBUG_INFO = INCLUDE_SOURCE;
				MTL_FAST_MATH = YES;
				ONLY_ACTIVE_ARCH = YES;
				SDKROOT = iphoneos;
				SWIFT_ACTIVE_COMPILATION_CONDITIONS = DEBUG;
				SWIFT_OPTIMIZATION_LEVEL = "-Onone";
			};
			name = Debug;
		};
		8439DFD12B182D9B002B9F0E /* Release */ = {
			isa = XCBuildConfiguration;
			buildSettings = {
				ALWAYS_SEARCH_USER_PATHS = NO;
				CLANG_ANALYZER_NONNULL = YES;
				CLANG_ANALYZER_NUMBER_OBJECT_CONVERSION = YES_AGGRESSIVE;
				CLANG_CXX_LANGUAGE_STANDARD = "gnu++20";
				CLANG_ENABLE_MODULES = YES;
				CLANG_ENABLE_OBJC_ARC = YES;
				CLANG_ENABLE_OBJC_WEAK = YES;
				CLANG_WARN_BLOCK_CAPTURE_AUTORELEASING = YES;
				CLANG_WARN_BOOL_CONVERSION = YES;
				CLANG_WARN_COMMA = YES;
				CLANG_WARN_CONSTANT_CONVERSION = YES;
				CLANG_WARN_DEPRECATED_OBJC_IMPLEMENTATIONS = YES;
				CLANG_WARN_DIRECT_OBJC_ISA_USAGE = YES_ERROR;
				CLANG_WARN_DOCUMENTATION_COMMENTS = YES;
				CLANG_WARN_EMPTY_BODY = YES;
				CLANG_WARN_ENUM_CONVERSION = YES;
				CLANG_WARN_INFINITE_RECURSION = YES;
				CLANG_WARN_INT_CONVERSION = YES;
				CLANG_WARN_NON_LITERAL_NULL_CONVERSION = YES;
				CLANG_WARN_OBJC_IMPLICIT_RETAIN_SELF = YES;
				CLANG_WARN_OBJC_LITERAL_CONVERSION = YES;
				CLANG_WARN_OBJC_ROOT_CLASS = YES_ERROR;
				CLANG_WARN_QUOTED_INCLUDE_IN_FRAMEWORK_HEADER = YES;
				CLANG_WARN_RANGE_LOOP_ANALYSIS = YES;
				CLANG_WARN_STRICT_PROTOTYPES = YES;
				CLANG_WARN_SUSPICIOUS_MOVE = YES;
				CLANG_WARN_UNGUARDED_AVAILABILITY = YES_AGGRESSIVE;
				CLANG_WARN_UNREACHABLE_CODE = YES;
				CLANG_WARN__DUPLICATE_METHOD_MATCH = YES;
				COPY_PHASE_STRIP = NO;
				DEBUG_INFORMATION_FORMAT = "dwarf-with-dsym";
				ENABLE_NS_ASSERTIONS = NO;
				ENABLE_STRICT_OBJC_MSGSEND = YES;
				GCC_C_LANGUAGE_STANDARD = gnu11;
				GCC_NO_COMMON_BLOCKS = YES;
				GCC_WARN_64_TO_32_BIT_CONVERSION = YES;
				GCC_WARN_ABOUT_RETURN_TYPE = YES_ERROR;
				GCC_WARN_UNDECLARED_SELECTOR = YES;
				GCC_WARN_UNINITIALIZED_AUTOS = YES_AGGRESSIVE;
				GCC_WARN_UNUSED_FUNCTION = YES;
				GCC_WARN_UNUSED_VARIABLE = YES;
				IPHONEOS_DEPLOYMENT_TARGET = 16.2;
				MTL_ENABLE_DEBUG_INFO = NO;
				MTL_FAST_MATH = YES;
				SDKROOT = iphoneos;
				SWIFT_COMPILATION_MODE = wholemodule;
				SWIFT_OPTIMIZATION_LEVEL = "-O";
				VALIDATE_PRODUCT = YES;
			};
			name = Release;
		};
		8439DFD32B182D9B002B9F0E /* Debug */ = {
			isa = XCBuildConfiguration;
			buildSettings = {
				ASSETCATALOG_COMPILER_APPICON_NAME = AppIcon;
				ASSETCATALOG_COMPILER_GLOBAL_ACCENT_COLOR_NAME = AccentColor;
				CODE_SIGN_STYLE = Automatic;
				CURRENT_PROJECT_VERSION = 1;
				DEVELOPMENT_ASSET_PATHS = "\"todoList-Schedule-Planner/Preview Content\"";
				DEVELOPMENT_TEAM = 84XN7PCDBH;
				ENABLE_PREVIEWS = YES;
				GENERATE_INFOPLIST_FILE = YES;
				INFOPLIST_FILE = "todoList-Schedule-Planner/Info.plist";
				INFOPLIST_KEY_UIApplicationSceneManifest_Generation = YES;
				INFOPLIST_KEY_UIApplicationSupportsIndirectInputEvents = YES;
				INFOPLIST_KEY_UILaunchScreen_Generation = YES;
				INFOPLIST_KEY_UISupportedInterfaceOrientations_iPad = "UIInterfaceOrientationPortrait UIInterfaceOrientationPortraitUpsideDown UIInterfaceOrientationLandscapeLeft UIInterfaceOrientationLandscapeRight";
				INFOPLIST_KEY_UISupportedInterfaceOrientations_iPhone = "UIInterfaceOrientationPortrait UIInterfaceOrientationLandscapeLeft UIInterfaceOrientationLandscapeRight";
				LD_RUNPATH_SEARCH_PATHS = (
					"$(inherited)",
					"@executable_path/Frameworks",
				);
				MARKETING_VERSION = 1.0;
				PRODUCT_BUNDLE_IDENTIFIER = "com.tyso.todoList-Schedule-Planner";
				PRODUCT_NAME = "$(TARGET_NAME)";
				SWIFT_EMIT_LOC_STRINGS = YES;
				SWIFT_VERSION = 5.0;
				TARGETED_DEVICE_FAMILY = "1,2";
			};
			name = Debug;
		};
		8439DFD42B182D9B002B9F0E /* Release */ = {
			isa = XCBuildConfiguration;
			buildSettings = {
				ASSETCATALOG_COMPILER_APPICON_NAME = AppIcon;
				ASSETCATALOG_COMPILER_GLOBAL_ACCENT_COLOR_NAME = AccentColor;
				CODE_SIGN_STYLE = Automatic;
				CURRENT_PROJECT_VERSION = 1;
				DEVELOPMENT_ASSET_PATHS = "\"todoList-Schedule-Planner/Preview Content\"";
				DEVELOPMENT_TEAM = 84XN7PCDBH;
				ENABLE_PREVIEWS = YES;
				GENERATE_INFOPLIST_FILE = YES;
				INFOPLIST_FILE = "todoList-Schedule-Planner/Info.plist";
				INFOPLIST_KEY_UIApplicationSceneManifest_Generation = YES;
				INFOPLIST_KEY_UIApplicationSupportsIndirectInputEvents = YES;
				INFOPLIST_KEY_UILaunchScreen_Generation = YES;
				INFOPLIST_KEY_UISupportedInterfaceOrientations_iPad = "UIInterfaceOrientationPortrait UIInterfaceOrientationPortraitUpsideDown UIInterfaceOrientationLandscapeLeft UIInterfaceOrientationLandscapeRight";
				INFOPLIST_KEY_UISupportedInterfaceOrientations_iPhone = "UIInterfaceOrientationPortrait UIInterfaceOrientationLandscapeLeft UIInterfaceOrientationLandscapeRight";
				LD_RUNPATH_SEARCH_PATHS = (
					"$(inherited)",
					"@executable_path/Frameworks",
				);
				MARKETING_VERSION = 1.0;
				PRODUCT_BUNDLE_IDENTIFIER = "com.tyso.todoList-Schedule-Planner";
				PRODUCT_NAME = "$(TARGET_NAME)";
				SWIFT_EMIT_LOC_STRINGS = YES;
				SWIFT_VERSION = 5.0;
				TARGETED_DEVICE_FAMILY = "1,2";
			};
			name = Release;
		};
		8439DFD62B182D9B002B9F0E /* Debug */ = {
			isa = XCBuildConfiguration;
			buildSettings = {
				ALWAYS_EMBED_SWIFT_STANDARD_LIBRARIES = YES;
				BUNDLE_LOADER = "$(TEST_HOST)";
				CODE_SIGN_STYLE = Automatic;
				CURRENT_PROJECT_VERSION = 1;
				DEVELOPMENT_TEAM = 84XN7PCDBH;
				GENERATE_INFOPLIST_FILE = YES;
				IPHONEOS_DEPLOYMENT_TARGET = 16.2;
				MARKETING_VERSION = 1.0;
				PRODUCT_BUNDLE_IDENTIFIER = "com.tyso.todoList-Schedule-PlannerTests";
				PRODUCT_NAME = "$(TARGET_NAME)";
				SWIFT_EMIT_LOC_STRINGS = NO;
				SWIFT_VERSION = 5.0;
				TARGETED_DEVICE_FAMILY = "1,2";
				TEST_HOST = "$(BUILT_PRODUCTS_DIR)/todoList-Schedule-Planner.app/$(BUNDLE_EXECUTABLE_FOLDER_PATH)/todoList-Schedule-Planner";
			};
			name = Debug;
		};
		8439DFD72B182D9B002B9F0E /* Release */ = {
			isa = XCBuildConfiguration;
			buildSettings = {
				ALWAYS_EMBED_SWIFT_STANDARD_LIBRARIES = YES;
				BUNDLE_LOADER = "$(TEST_HOST)";
				CODE_SIGN_STYLE = Automatic;
				CURRENT_PROJECT_VERSION = 1;
				DEVELOPMENT_TEAM = 84XN7PCDBH;
				GENERATE_INFOPLIST_FILE = YES;
				IPHONEOS_DEPLOYMENT_TARGET = 16.2;
				MARKETING_VERSION = 1.0;
				PRODUCT_BUNDLE_IDENTIFIER = "com.tyso.todoList-Schedule-PlannerTests";
				PRODUCT_NAME = "$(TARGET_NAME)";
				SWIFT_EMIT_LOC_STRINGS = NO;
				SWIFT_VERSION = 5.0;
				TARGETED_DEVICE_FAMILY = "1,2";
				TEST_HOST = "$(BUILT_PRODUCTS_DIR)/todoList-Schedule-Planner.app/$(BUNDLE_EXECUTABLE_FOLDER_PATH)/todoList-Schedule-Planner";
			};
			name = Release;
		};
		8439DFD92B182D9B002B9F0E /* Debug */ = {
			isa = XCBuildConfiguration;
			buildSettings = {
				ALWAYS_EMBED_SWIFT_STANDARD_LIBRARIES = YES;
				CODE_SIGN_STYLE = Automatic;
				CURRENT_PROJECT_VERSION = 1;
				DEVELOPMENT_TEAM = 84XN7PCDBH;
				GENERATE_INFOPLIST_FILE = YES;
				MARKETING_VERSION = 1.0;
				PRODUCT_BUNDLE_IDENTIFIER = "com.tyso.todoList-Schedule-PlannerUITests";
				PRODUCT_NAME = "$(TARGET_NAME)";
				SWIFT_EMIT_LOC_STRINGS = NO;
				SWIFT_VERSION = 5.0;
				TARGETED_DEVICE_FAMILY = "1,2";
				TEST_TARGET_NAME = "todoList-Schedule-Planner";
			};
			name = Debug;
		};
		8439DFDA2B182D9B002B9F0E /* Release */ = {
			isa = XCBuildConfiguration;
			buildSettings = {
				ALWAYS_EMBED_SWIFT_STANDARD_LIBRARIES = YES;
				CODE_SIGN_STYLE = Automatic;
				CURRENT_PROJECT_VERSION = 1;
				DEVELOPMENT_TEAM = 84XN7PCDBH;
				GENERATE_INFOPLIST_FILE = YES;
				MARKETING_VERSION = 1.0;
				PRODUCT_BUNDLE_IDENTIFIER = "com.tyso.todoList-Schedule-PlannerUITests";
				PRODUCT_NAME = "$(TARGET_NAME)";
				SWIFT_EMIT_LOC_STRINGS = NO;
				SWIFT_VERSION = 5.0;
				TARGETED_DEVICE_FAMILY = "1,2";
				TEST_TARGET_NAME = "todoList-Schedule-Planner";
			};
			name = Release;
		};
/* End XCBuildConfiguration section */

/* Begin XCConfigurationList section */
		8439DFA92B182D98002B9F0E /* Build configuration list for PBXProject "todoList-Schedule-Planner" */ = {
			isa = XCConfigurationList;
			buildConfigurations = (
				8439DFD02B182D9B002B9F0E /* Debug */,
				8439DFD12B182D9B002B9F0E /* Release */,
			);
			defaultConfigurationIsVisible = 0;
			defaultConfigurationName = Release;
		};
		8439DFD22B182D9B002B9F0E /* Build configuration list for PBXNativeTarget "todoList-Schedule-Planner" */ = {
			isa = XCConfigurationList;
			buildConfigurations = (
				8439DFD32B182D9B002B9F0E /* Debug */,
				8439DFD42B182D9B002B9F0E /* Release */,
			);
			defaultConfigurationIsVisible = 0;
			defaultConfigurationName = Release;
		};
		8439DFD52B182D9B002B9F0E /* Build configuration list for PBXNativeTarget "todoList-Schedule-PlannerTests" */ = {
			isa = XCConfigurationList;
			buildConfigurations = (
				8439DFD62B182D9B002B9F0E /* Debug */,
				8439DFD72B182D9B002B9F0E /* Release */,
			);
			defaultConfigurationIsVisible = 0;
			defaultConfigurationName = Release;
		};
		8439DFD82B182D9B002B9F0E /* Build configuration list for PBXNativeTarget "todoList-Schedule-PlannerUITests" */ = {
			isa = XCConfigurationList;
			buildConfigurations = (
				8439DFD92B182D9B002B9F0E /* Debug */,
				8439DFDA2B182D9B002B9F0E /* Release */,
			);
			defaultConfigurationIsVisible = 0;
			defaultConfigurationName = Release;
		};
/* End XCConfigurationList section */

/* Begin XCRemoteSwiftPackageReference section */
		8439DFDE2B183D39002B9F0E /* XCRemoteSwiftPackageReference "firebase-ios-sdk" */ = {
			isa = XCRemoteSwiftPackageReference;
			repositoryURL = "https://github.com/firebase/firebase-ios-sdk";
			requirement = {
				branch = master;
				kind = branch;
			};
		};
		843EAC2F2B2167FC00025238 /* XCRemoteSwiftPackageReference "ObjectMapper" */ = {
			isa = XCRemoteSwiftPackageReference;
			repositoryURL = "https://github.com/tristanhimmelman/ObjectMapper.git";
			requirement = {
				kind = upToNextMajorVersion;
				minimumVersion = 4.0.0;
			};
		};
		843EAC352B21803C00025238 /* XCRemoteSwiftPackageReference "SwiftKeychainWrapper" */ = {
			isa = XCRemoteSwiftPackageReference;
			repositoryURL = "https://github.com/jrendel/SwiftKeychainWrapper.git";
			requirement = {
				kind = upToNextMajorVersion;
				minimumVersion = 4.0.0;
			};
		};
/* End XCRemoteSwiftPackageReference section */

/* Begin XCSwiftPackageProductDependency section */
		8439DFDF2B183D39002B9F0E /* FirebaseAuth */ = {
			isa = XCSwiftPackageProductDependency;
			package = 8439DFDE2B183D39002B9F0E /* XCRemoteSwiftPackageReference "firebase-ios-sdk" */;
			productName = FirebaseAuth;
		};
		8439DFE12B183D39002B9F0E /* FirebaseFirestore */ = {
			isa = XCSwiftPackageProductDependency;
			package = 8439DFDE2B183D39002B9F0E /* XCRemoteSwiftPackageReference "firebase-ios-sdk" */;
			productName = FirebaseFirestore;
		};
		8439DFE32B183D39002B9F0E /* FirebaseFirestoreSwift */ = {
			isa = XCSwiftPackageProductDependency;
			package = 8439DFDE2B183D39002B9F0E /* XCRemoteSwiftPackageReference "firebase-ios-sdk" */;
			productName = FirebaseFirestoreSwift;
		};
		8439DFE52B183D39002B9F0E /* FirebaseStorage */ = {
			isa = XCSwiftPackageProductDependency;
			package = 8439DFDE2B183D39002B9F0E /* XCRemoteSwiftPackageReference "firebase-ios-sdk" */;
			productName = FirebaseStorage;
		};
		843EAC302B2167FC00025238 /* ObjectMapper */ = {
			isa = XCSwiftPackageProductDependency;
			package = 843EAC2F2B2167FC00025238 /* XCRemoteSwiftPackageReference "ObjectMapper" */;
			productName = ObjectMapper;
		};
		843EAC362B21803C00025238 /* SwiftKeychainWrapper */ = {
			isa = XCSwiftPackageProductDependency;
			package = 843EAC352B21803C00025238 /* XCRemoteSwiftPackageReference "SwiftKeychainWrapper" */;
			productName = SwiftKeychainWrapper;
		};
/* End XCSwiftPackageProductDependency section */
	};
	rootObject = 8439DFA62B182D98002B9F0E /* Project object */;
}
